{
  "name": "tree-sitter-hello-world",
  "lockfileVersion": 3,
  "requires": true,
  "packages": {
    "": {
      "name": "tree-sitter-hello-world",
      "dependencies": {
        "@wooorm/starry-night": "^3.3.0",
        "crc": "^4.3.2",
        "tm-grammars": "^1.6.3",
        "vscode-oniguruma": "^2.0.1",
        "vscode-textmate": "^9.0.0"
      },
      "devDependencies": {
        "@types/bun": "latest"
      },
      "peerDependencies": {
        "typescript": "^5.0.0"
      }
    },
    "node_modules/@types/bun": {
      "version": "1.0.12",
      "resolved": "https://registry.npmjs.org/@types/bun/-/bun-1.0.12.tgz",
      "integrity": "sha512-qPb5FcygbpSS1NDBjWyQCWeI9kKXwSYSR1Enu7yb+gMXgFwGMhlyOvgV/7FGrdvAjlSXWRY6IDepos7k8WzAtQ==",
      "dev": true,
      "dependencies": {
        "bun-types": "1.0.36"
      }
    },
    "node_modules/@types/hast": {
      "version": "3.0.4",
      "resolved": "https://registry.npmjs.org/@types/hast/-/hast-3.0.4.tgz",
      "integrity": "sha512-WPs+bbQw5aCj+x6laNGWLH3wviHtoCv/P3+otBhbOhJgG8qtpdAMlTCxLtsTWA7LH1Oh/bFCHsBn0TPS5m30EQ==",
      "dependencies": {
        "@types/unist": "*"
      }
    },
    "node_modules/@types/node": {
      "version": "20.11.30",
      "dev": true,
      "license": "MIT",
      "dependencies": {
        "undici-types": "~5.26.4"
      }
    },
    "node_modules/@types/unist": {
      "version": "3.0.2",
      "resolved": "https://registry.npmjs.org/@types/unist/-/unist-3.0.2.tgz",
      "integrity": "sha512-dqId9J8K/vGi5Zr7oo212BGii5m3q5Hxlkwy3WpYuKPklmBEvsbMYYyLxAQpSffdLl/gdW0XUpKWFvYmyoWCoQ=="
    },
    "node_modules/@types/ws": {
      "version": "8.5.10",
      "dev": true,
      "license": "MIT",
      "dependencies": {
        "@types/node": "*"
      }
    },
    "node_modules/@wooorm/starry-night": {
      "version": "3.3.0",
      "resolved": "https://registry.npmjs.org/@wooorm/starry-night/-/starry-night-3.3.0.tgz",
      "integrity": "sha512-7PmyIDWz3/Yj7vd6eqVlbyaWyZmrERtxx1mwHDucnrQeSKFr3Grr8iqUbmd01pREG72HL4DPFQP9mw9U6jbjvA==",
      "dependencies": {
        "@types/hast": "^3.0.0",
        "import-meta-resolve": "^4.0.0",
        "vscode-oniguruma": "^2.0.0",
        "vscode-textmate": "^9.0.0"
      },
      "funding": {
        "type": "github",
        "url": "https://github.com/sponsors/wooorm"
      }
    },
    "node_modules/bun-types": {
      "version": "1.0.36",
      "dev": true,
      "license": "MIT",
      "dependencies": {
        "@types/node": "~20.11.3",
        "@types/ws": "~8.5.10"
      }
    },
    "node_modules/crc": {
      "version": "4.3.2",
      "license": "MIT",
      "engines": {
        "node": ">=12"
      },
      "peerDependencies": {
        "buffer": ">=6.0.3"
      },
      "peerDependenciesMeta": {
        "buffer": {
          "optional": true
        }
      }
    },
    "node_modules/import-meta-resolve": {
      "version": "4.0.0",
      "resolved": "https://registry.npmjs.org/import-meta-resolve/-/import-meta-resolve-4.0.0.tgz",
      "integrity": "sha512-okYUR7ZQPH+efeuMJGlq4f8ubUgO50kByRPyt/Cy1Io4PSRsPjxME+YlVaCOx+NIToW7hCsZNFJyTPFFKepRSA==",
      "funding": {
        "type": "github",
        "url": "https://github.com/sponsors/wooorm"
      }
    },
    "node_modules/tm-grammars": {
      "version": "1.6.3",
      "license": "MIT",
      "funding": {
        "url": "https://github.com/sponsors/antfu"
      }
    },
    "node_modules/typescript": {
      "version": "5.4.3",
      "license": "Apache-2.0",
      "peer": true,
      "bin": {
        "tsc": "bin/tsc",
        "tsserver": "bin/tsserver"
      },
      "engines": {
        "node": ">=14.17"
      }
    },
    "node_modules/undici-types": {
      "version": "5.26.5",
      "dev": true,
      "license": "MIT"
    },
    "node_modules/vscode-oniguruma": {
      "version": "2.0.1",
      "license": "MIT"
    },
    "node_modules/vscode-textmate": {
      "version": "9.0.0",
      "license": "MIT"
    }
  }
}
